
Microsoft Visual Studio Solution File, Format Version 12.00
# Visual Studio Version 16
VisualStudioVersion = 16.0.30204.135
MinimumVisualStudioVersion = 10.0.40219.1
Project("{FAE04EC0-301F-11D3-BF4B-00C04F79EFBC}") = "Sample101", "Sample101\Sample101.csproj", "{C2F79CF7-AA27-4058-9205-BBEE430EAD51}"
EndProject
Global
	GlobalSection(SolutionConfigurationPlatforms) = preSolution
		Debug|Any CPU = Debug|Any CPU
		Release|Any CPU = Release|Any CPU
	EndGlobalSection
	GlobalSection(ProjectConfigurationPlatforms) = postSolution
		{C2F79CF7-AA27-4058-9205-BBEE430EAD51}.Debug|Any CPU.ActiveCfg = Debug|Any CPU
		{C2F79CF7-AA27-4058-9205-BBEE430EAD51}.Debug|Any CPU.Build.0 = Debug|Any CPU
		{C2F79CF7-AA27-4058-9205-BBEE430EAD51}.Release|Any CPU.ActiveCfg = Release|Any CPU
		{C2F79CF7-AA27-4058-9205-BBEE430EAD51}.Release|Any CPU.Build.0 = Release|Any CPU
	EndGlobalSection
	GlobalSection(SolutionProperties) = preSolution
		HideSolutionNode = FALSE
	EndGlobalSection
	GlobalSection(ExtensibilityGlobals) = postSolution
		SolutionGuid = {532B403D-3CEF-451A-B305-55009F41AD74}
	EndGlobalSection
EndGlobal
